
Microsoft Visual Studio Solution File, Format Version 12.00
# Visual Studio Version 17
VisualStudioVersion = 17.5.33530.505
MinimumVisualStudioVersion = 10.0.40219.1
Project("{00D1A9C2-B5F0-4AF3-8072-F6C62B433612}") = "dbaREVENS", "dbaREVENS\dbaREVENS.sqlproj", "{4ED8952D-2A21-4A11-85A8-3C527871E1EE}"
EndProject
Global
	GlobalSection(SolutionConfigurationPlatforms) = preSolution
		Debug|Any CPU = Debug|Any CPU
		Release|Any CPU = Release|Any CPU
	EndGlobalSection
	GlobalSection(ProjectConfigurationPlatforms) = postSolution
		{4ED8952D-2A21-4A11-85A8-3C527871E1EE}.Debug|Any CPU.ActiveCfg = Debug|Any CPU
		{4ED8952D-2A21-4A11-85A8-3C527871E1EE}.Debug|Any CPU.Build.0 = Debug|Any CPU
		{4ED8952D-2A21-4A11-85A8-3C527871E1EE}.Debug|Any CPU.Deploy.0 = Debug|Any CPU
		{4ED8952D-2A21-4A11-85A8-3C527871E1EE}.Release|Any CPU.ActiveCfg = Release|Any CPU
		{4ED8952D-2A21-4A11-85A8-3C527871E1EE}.Release|Any CPU.Build.0 = Release|Any CPU
		{4ED8952D-2A21-4A11-85A8-3C527871E1EE}.Release|Any CPU.Deploy.0 = Release|Any CPU
	EndGlobalSection
	GlobalSection(SolutionProperties) = preSolution
		HideSolutionNode = FALSE
	EndGlobalSection
	GlobalSection(ExtensibilityGlobals) = postSolution
		SolutionGuid = {38DFE890-37EE-4734-B1DA-E144F9B1C6E9}
	EndGlobalSection
EndGlobal
